
Microsoft Visual Studio Solution File, Format Version 12.00
# Visual Studio 15
VisualStudioVersion = 15.0.27130.2036
MinimumVisualStudioVersion = 10.0.40219.1
Project("{2150E333-8FDC-42A3-9474-1A3956D46DE8}") = "1. Common", "1. Common", "{49BA55BA-94F1-4959-8B79-F2F6D9676BE2}"
EndProject
Project("{2150E333-8FDC-42A3-9474-1A3956D46DE8}") = "5. Web", "5. Web", "{8C94EB85-66DE-4729-B44C-A3FB538D55F4}"
EndProject
Project("{FAE04EC0-301F-11D3-BF4B-00C04F79EFBC}") = "esr.WebAPI", "esr.WebAPI\esr.WebAPI.csproj", "{09C95715-DF73-499A-BA24-F5C1AB23280B}"
	ProjectSection(ProjectDependencies) = postProject
		{42D4CA2C-6F8B-4B3A-9240-BAB4F0E66C18} = {42D4CA2C-6F8B-4B3A-9240-BAB4F0E66C18}
		{84D63690-8317-4D33-851A-9C9B3787AEE6} = {84D63690-8317-4D33-851A-9C9B3787AEE6}
		{02B46E27-9CD6-43CA-9DCA-185CA79D10F7} = {02B46E27-9CD6-43CA-9DCA-185CA79D10F7}
		{8EE85710-5D67-43F0-AC86-BAC524B704A3} = {8EE85710-5D67-43F0-AC86-BAC524B704A3}
		{7D241161-C9EA-473F-8148-50D31D4C65F6} = {7D241161-C9EA-473F-8148-50D31D4C65F6}
		{1B78354B-1F72-4F87-A83F-44AA8F163970} = {1B78354B-1F72-4F87-A83F-44AA8F163970}
	EndProjectSection
EndProject
Project("{2150E333-8FDC-42A3-9474-1A3956D46DE8}") = ".nuget", ".nuget", "{E426B2A6-0794-49AA-9C92-909ADF26262C}"
	ProjectSection(SolutionItems) = preProject
		NuGet.Config = NuGet.Config
	EndProjectSection
EndProject
Project("{FAE04EC0-301F-11D3-BF4B-00C04F79EFBC}") = "esr.DAL.Contracts", "esr.DAL.Contracts\esr.DAL.Contracts.csproj", "{84D63690-8317-4D33-851A-9C9B3787AEE6}"
EndProject
Project("{FAE04EC0-301F-11D3-BF4B-00C04F79EFBC}") = "esr.DAL.Implementation", "esr.DAL.Implementation\esr.DAL.Implementation.csproj", "{02B46E27-9CD6-43CA-9DCA-185CA79D10F7}"
EndProject
Project("{FAE04EC0-301F-11D3-BF4B-00C04F79EFBC}") = "esr.DAL.Moq", "esr.DAL.Moq\esr.DAL.Moq.csproj", "{1B78354B-1F72-4F87-A83F-44AA8F163970}"
EndProject
Project("{FAE04EC0-301F-11D3-BF4B-00C04F79EFBC}") = "esr.BL.Contracts", "esr.BL.Contracts\esr.BL.Contracts.csproj", "{C129201B-0953-45ED-A0AB-EEA073496368}"
EndProject
Project("{FAE04EC0-301F-11D3-BF4B-00C04F79EFBC}") = "esr.BL.Implementation", "esr.BL.Implementation\esr.BL.Implementation.csproj", "{8EE85710-5D67-43F0-AC86-BAC524B704A3}"
EndProject
Project("{FAE04EC0-301F-11D3-BF4B-00C04F79EFBC}") = "esr.Security.Implementation", "esr.Security.Implementation\esr.Security.Implementation.csproj", "{7D241161-C9EA-473F-8148-50D31D4C65F6}"
EndProject
Project("{FAE04EC0-301F-11D3-BF4B-00C04F79EFBC}") = "esr.Security.Moq", "esr.Security.Moq\esr.Security.Moq.csproj", "{42D4CA2C-6F8B-4B3A-9240-BAB4F0E66C18}"
EndProject
Project("{FAE04EC0-301F-11D3-BF4B-00C04F79EFBC}") = "esr.Security.Contracts", "esr.Security.Contracts\esr.Security.Contracts.csproj", "{5C88D276-6708-40E7-B3D0-AFAD5189B497}"
EndProject
Project("{9A19103F-16F7-4668-BE54-9A1E7A4F7556}") = "esr.Models", "esr.Models\esr.Models.csproj", "{6425CE0C-CE20-4FCE-BF75-8DEF35348962}"
EndProject
Project("{9A19103F-16F7-4668-BE54-9A1E7A4F7556}") = "esr.WebAPI.Proxy", "esr.WebAPI.Proxy\esr.WebAPI.Proxy.csproj", "{894FF6AD-40A5-4DE0-AB3D-593FDA604B61}"
EndProject
Project("{2150E333-8FDC-42A3-9474-1A3956D46DE8}") = "2. DAL", "2. DAL", "{B9AECCFA-E013-49B4-9B59-D3B266C7F11C}"
EndProject
Project("{2150E333-8FDC-42A3-9474-1A3956D46DE8}") = "3. BL", "3. BL", "{7BAF0826-9030-442E-AD1D-2D930D220D89}"
EndProject
Project("{2150E333-8FDC-42A3-9474-1A3956D46DE8}") = "4. Security", "4. Security", "{9649F0AB-0C1D-4938-92EA-2873823D7268}"
EndProject
Global
	GlobalSection(SolutionConfigurationPlatforms) = preSolution
		Debug|Any CPU = Debug|Any CPU
		Release|Any CPU = Release|Any CPU
	EndGlobalSection
	GlobalSection(ProjectConfigurationPlatforms) = postSolution
		{5900BE68-B9FD-43C6-8EC8-B9C808E5C1A0}.Debug|Any CPU.ActiveCfg = Debug|Any CPU
		{5900BE68-B9FD-43C6-8EC8-B9C808E5C1A0}.Debug|Any CPU.Build.0 = Debug|Any CPU
		{5900BE68-B9FD-43C6-8EC8-B9C808E5C1A0}.Release|Any CPU.ActiveCfg = Release|Any CPU
		{5900BE68-B9FD-43C6-8EC8-B9C808E5C1A0}.Release|Any CPU.Build.0 = Release|Any CPU
		{BFA760D3-2FCF-4D4D-BB20-D9C35CB8D103}.Debug|Any CPU.ActiveCfg = Debug|Any CPU
		{BFA760D3-2FCF-4D4D-BB20-D9C35CB8D103}.Debug|Any CPU.Build.0 = Debug|Any CPU
		{BFA760D3-2FCF-4D4D-BB20-D9C35CB8D103}.Release|Any CPU.ActiveCfg = Release|Any CPU
		{BFA760D3-2FCF-4D4D-BB20-D9C35CB8D103}.Release|Any CPU.Build.0 = Release|Any CPU
		{09C95715-DF73-499A-BA24-F5C1AB23280B}.Debug|Any CPU.ActiveCfg = Debug|Any CPU
		{09C95715-DF73-499A-BA24-F5C1AB23280B}.Debug|Any CPU.Build.0 = Debug|Any CPU
		{09C95715-DF73-499A-BA24-F5C1AB23280B}.Release|Any CPU.ActiveCfg = Release|Any CPU
		{09C95715-DF73-499A-BA24-F5C1AB23280B}.Release|Any CPU.Build.0 = Release|Any CPU
		{84D63690-8317-4D33-851A-9C9B3787AEE6}.Debug|Any CPU.ActiveCfg = Debug|Any CPU
		{84D63690-8317-4D33-851A-9C9B3787AEE6}.Debug|Any CPU.Build.0 = Debug|Any CPU
		{84D63690-8317-4D33-851A-9C9B3787AEE6}.Release|Any CPU.ActiveCfg = Release|Any CPU
		{84D63690-8317-4D33-851A-9C9B3787AEE6}.Release|Any CPU.Build.0 = Release|Any CPU
		{02B46E27-9CD6-43CA-9DCA-185CA79D10F7}.Debug|Any CPU.ActiveCfg = Debug|Any CPU
		{02B46E27-9CD6-43CA-9DCA-185CA79D10F7}.Debug|Any CPU.Build.0 = Debug|Any CPU
		{02B46E27-9CD6-43CA-9DCA-185CA79D10F7}.Release|Any CPU.ActiveCfg = Release|Any CPU
		{02B46E27-9CD6-43CA-9DCA-185CA79D10F7}.Release|Any CPU.Build.0 = Release|Any CPU
		{1B78354B-1F72-4F87-A83F-44AA8F163970}.Debug|Any CPU.ActiveCfg = Debug|Any CPU
		{1B78354B-1F72-4F87-A83F-44AA8F163970}.Debug|Any CPU.Build.0 = Debug|Any CPU
		{1B78354B-1F72-4F87-A83F-44AA8F163970}.Release|Any CPU.ActiveCfg = Release|Any CPU
		{1B78354B-1F72-4F87-A83F-44AA8F163970}.Release|Any CPU.Build.0 = Release|Any CPU
		{C129201B-0953-45ED-A0AB-EEA073496368}.Debug|Any CPU.ActiveCfg = Debug|Any CPU
		{C129201B-0953-45ED-A0AB-EEA073496368}.Debug|Any CPU.Build.0 = Debug|Any CPU
		{C129201B-0953-45ED-A0AB-EEA073496368}.Release|Any CPU.ActiveCfg = Release|Any CPU
		{C129201B-0953-45ED-A0AB-EEA073496368}.Release|Any CPU.Build.0 = Release|Any CPU
		{8EE85710-5D67-43F0-AC86-BAC524B704A3}.Debug|Any CPU.ActiveCfg = Debug|Any CPU
		{8EE85710-5D67-43F0-AC86-BAC524B704A3}.Debug|Any CPU.Build.0 = Debug|Any CPU
		{8EE85710-5D67-43F0-AC86-BAC524B704A3}.Release|Any CPU.ActiveCfg = Release|Any CPU
		{8EE85710-5D67-43F0-AC86-BAC524B704A3}.Release|Any CPU.Build.0 = Release|Any CPU
		{7D241161-C9EA-473F-8148-50D31D4C65F6}.Debug|Any CPU.ActiveCfg = Debug|Any CPU
		{7D241161-C9EA-473F-8148-50D31D4C65F6}.Debug|Any CPU.Build.0 = Debug|Any CPU
		{7D241161-C9EA-473F-8148-50D31D4C65F6}.Release|Any CPU.ActiveCfg = Release|Any CPU
		{7D241161-C9EA-473F-8148-50D31D4C65F6}.Release|Any CPU.Build.0 = Release|Any CPU
		{42D4CA2C-6F8B-4B3A-9240-BAB4F0E66C18}.Debug|Any CPU.ActiveCfg = Debug|Any CPU
		{42D4CA2C-6F8B-4B3A-9240-BAB4F0E66C18}.Debug|Any CPU.Build.0 = Debug|Any CPU
		{42D4CA2C-6F8B-4B3A-9240-BAB4F0E66C18}.Release|Any CPU.ActiveCfg = Release|Any CPU
		{42D4CA2C-6F8B-4B3A-9240-BAB4F0E66C18}.Release|Any CPU.Build.0 = Release|Any CPU
		{5C88D276-6708-40E7-B3D0-AFAD5189B497}.Debug|Any CPU.ActiveCfg = Debug|Any CPU
		{5C88D276-6708-40E7-B3D0-AFAD5189B497}.Debug|Any CPU.Build.0 = Debug|Any CPU
		{5C88D276-6708-40E7-B3D0-AFAD5189B497}.Release|Any CPU.ActiveCfg = Release|Any CPU
		{5C88D276-6708-40E7-B3D0-AFAD5189B497}.Release|Any CPU.Build.0 = Release|Any CPU
		{6425CE0C-CE20-4FCE-BF75-8DEF35348962}.Debug|Any CPU.ActiveCfg = Debug|Any CPU
		{6425CE0C-CE20-4FCE-BF75-8DEF35348962}.Debug|Any CPU.Build.0 = Debug|Any CPU
		{6425CE0C-CE20-4FCE-BF75-8DEF35348962}.Release|Any CPU.ActiveCfg = Release|Any CPU
		{6425CE0C-CE20-4FCE-BF75-8DEF35348962}.Release|Any CPU.Build.0 = Release|Any CPU
		{894FF6AD-40A5-4DE0-AB3D-593FDA604B61}.Debug|Any CPU.ActiveCfg = Debug|Any CPU
		{894FF6AD-40A5-4DE0-AB3D-593FDA604B61}.Debug|Any CPU.Build.0 = Debug|Any CPU
		{894FF6AD-40A5-4DE0-AB3D-593FDA604B61}.Release|Any CPU.ActiveCfg = Release|Any CPU
		{894FF6AD-40A5-4DE0-AB3D-593FDA604B61}.Release|Any CPU.Build.0 = Release|Any CPU
	EndGlobalSection
	GlobalSection(SolutionProperties) = preSolution
		HideSolutionNode = FALSE
	EndGlobalSection
	GlobalSection(NestedProjects) = preSolution
		{326CF1B6-4254-40AE-8955-D0C09F5ABA3B} = {21A2C231-CBB0-45D0-854E-A3B824613B6E}
		{5900BE68-B9FD-43C6-8EC8-B9C808E5C1A0} = {21A2C231-CBB0-45D0-854E-A3B824613B6E}
		{BFA760D3-2FCF-4D4D-BB20-D9C35CB8D103} = {21A2C231-CBB0-45D0-854E-A3B824613B6E}
		{09C95715-DF73-499A-BA24-F5C1AB23280B} = {8C94EB85-66DE-4729-B44C-A3FB538D55F4}
		{84D63690-8317-4D33-851A-9C9B3787AEE6} = {B9AECCFA-E013-49B4-9B59-D3B266C7F11C}
		{02B46E27-9CD6-43CA-9DCA-185CA79D10F7} = {B9AECCFA-E013-49B4-9B59-D3B266C7F11C}
		{1B78354B-1F72-4F87-A83F-44AA8F163970} = {B9AECCFA-E013-49B4-9B59-D3B266C7F11C}
		{C129201B-0953-45ED-A0AB-EEA073496368} = {7BAF0826-9030-442E-AD1D-2D930D220D89}
		{8EE85710-5D67-43F0-AC86-BAC524B704A3} = {7BAF0826-9030-442E-AD1D-2D930D220D89}
		{7D241161-C9EA-473F-8148-50D31D4C65F6} = {9649F0AB-0C1D-4938-92EA-2873823D7268}
		{42D4CA2C-6F8B-4B3A-9240-BAB4F0E66C18} = {9649F0AB-0C1D-4938-92EA-2873823D7268}
		{5C88D276-6708-40E7-B3D0-AFAD5189B497} = {9649F0AB-0C1D-4938-92EA-2873823D7268}
		{6425CE0C-CE20-4FCE-BF75-8DEF35348962} = {49BA55BA-94F1-4959-8B79-F2F6D9676BE2}
		{894FF6AD-40A5-4DE0-AB3D-593FDA604B61} = {8C94EB85-66DE-4729-B44C-A3FB538D55F4}
	EndGlobalSection
	GlobalSection(ExtensibilityGlobals) = postSolution
		SolutionGuid = {17C9AE0D-50A6-4AA9-99DA-D6239B285029}
	EndGlobalSection
EndGlobal
